{
  "version": 4,
  "terraform_version": "1.11.4",
  "serial": 5,
  "lineage": "52d67086-693b-5d4d-9043-a5ebad312508",
  "outputs": {},
  "resources": [
    {
      "module": "module.custom_vpc",
      "mode": "managed",
      "type": "aws_vpc",
      "name": "custom_vpc",
      "provider": "provider[\"registry.terraform.io/hashicorp/aws\"]",
      "instances": [
        {
          "schema_version": 1,
          "attributes": {
            "arn": "arn:aws:ec2:us-west-1:443374376889:vpc/vpc-00546c6dd13105357",
            "assign_generated_ipv6_cidr_block": false,
            "cidr_block": "10.0.0.0/16",
            "default_network_acl_id": "acl-08d60c6a95d604abe",
            "default_route_table_id": "rtb-0b07e8db81db06de1",
            "default_security_group_id": "sg-0388f67d2c82a7c69",
            "dhcp_options_id": "dopt-645d9d02",
            "enable_dns_hostnames": false,
            "enable_dns_support": true,
            "enable_network_address_usage_metrics": false,
            "id": "vpc-00546c6dd13105357",
            "instance_tenancy": "default",
            "ipv4_ipam_pool_id": null,
            "ipv4_netmask_length": null,
            "ipv6_association_id": "",
            "ipv6_cidr_block": "",
            "ipv6_cidr_block_network_border_group": "",
            "ipv6_ipam_pool_id": "",
            "ipv6_netmask_length": 0,
            "main_route_table_id": "rtb-0b07e8db81db06de1",
            "owner_id": "443374376889",
            "tags": {
              "Name": "nimbusdevops-test-vpc"
            },
            "tags_all": {
              "Name": "nimbusdevops-test-vpc"
            }
          },
          "sensitive_attributes": [],
          "private": "eyJzY2hlbWFfdmVyc2lvbiI6IjEifQ=="
        }
      ]
    }
  ],
  "check_results": null
}
